<?xml version="1.0" encoding="utf-8"?>
<Project ToolsVersion="4.0" xmlns="http://schemas.microsoft.com/developer/msbuild/2003">
  <ItemGroup>
    <Filter Include="Shapes">
      <UniqueIdentifier>{63421ac0-8933-4904-a364-f8de018fb68d}</UniqueIdentifier>
    </Filter>
    <Filter Include="_Main include">
      <UniqueIdentifier>{3b17264b-ce89-4550-b3f5-e65e39be56f5}</UniqueIdentifier>
    </Filter>
    <Filter Include="System">
      <UniqueIdentifier>{8575c338-b82b-4936-bfc4-c76720bcf6e5}</UniqueIdentifier>
    </Filter>
    <Filter Include="System\System include">
      <UniqueIdentifier>{6f929eed-829d-4327-9bb3-15300544ccd4}</UniqueIdentifier>
    </Filter>
    <Filter Include="System\Drawing">
      <UniqueIdentifier>{3909cbbe-8e4b-4fa7-b459-ae4ef541e5fa}</UniqueIdentifier>
    </Filter>
    <Filter Include="System\Controller">
      <UniqueIdentifier>{3a714790-171d-42d7-9e30-23dbbe7a92ac}</UniqueIdentifier>
    </Filter>
  </ItemGroup>
  <ItemGroup>
    <Text Include="ReadMe.txt" />
  </ItemGroup>
  <ItemGroup>
    <ClCompile Include="DrawPhysiCsEngineClasses.cpp">
      <Filter>System\Drawing</Filter>
    </ClCompile>
    <ClCompile Include="DrawError.cpp">
      <Filter>System\Drawing</Filter>
    </ClCompile>
    <ClCompile Include="Shape.cpp">
      <Filter>Shapes</Filter>
    </ClCompile>
    <ClCompile Include="SphereCollider.cpp">
      <Filter>Shapes</Filter>
    </ClCompile>
    <ClCompile Include="BoxCollider.cpp">
      <Filter>Shapes</Filter>
    </ClCompile>
    <ClCompile Include="PlaneCollider.cpp">
      <Filter>Shapes</Filter>
    </ClCompile>
  </ItemGroup>
  <ItemGroup>
    <ClInclude Include="PCE.h">
      <Filter>_Main include</Filter>
    </ClInclude>
    <ClInclude Include="PCESystemApi.h">
      <Filter>System\System include</Filter>
    </ClInclude>
    <ClInclude Include="DrawPhysiCsEngineClasses.h">
      <Filter>System\Drawing</Filter>
    </ClInclude>
    <ClInclude Include="DrawError.h">
      <Filter>System\Drawing</Filter>
    </ClInclude>
    <ClInclude Include="Shape.h">
      <Filter>Shapes</Filter>
    </ClInclude>
    <ClInclude Include="SphereCollider.h">
      <Filter>Shapes</Filter>
    </ClInclude>
    <ClInclude Include="BoxCollider.h">
      <Filter>Shapes</Filter>
    </ClInclude>
    <ClInclude Include="ErrorDefinitions.h">
      <Filter>System\System include</Filter>
    </ClInclude>
    <ClInclude Include="PlaneCollider.h">
      <Filter>Shapes</Filter>
    </ClInclude>
  </ItemGroup>
</Project>