<?xml version="1.0" encoding="utf-8"?>
<Project ToolsVersion="4.0" xmlns="http://schemas.microsoft.com/developer/msbuild/2003">
  <ItemGroup>
    <Text Include="ReadMe.txt" />
  </ItemGroup>
  <ItemGroup>
    <ClInclude Include="PCEString.h" />
    <ClInclude Include="PCEUtilities.h" />
    <ClInclude Include="PCEUtilitiesSystemApi.h" />
    <ClInclude Include="PCEVector.h" />
    <ClInclude Include="PCEMap.h" />
    <ClInclude Include="PCEObjectId.h" />
    <ClInclude Include="PCEMath.h" />
  </ItemGroup>
  <ItemGroup>
    <ClCompile Include="PCEString.cpp" />
    <ClCompile Include="PCEObjectId.cpp" />
  </ItemGroup>
</Project>