<?xml version="1.0" encoding="utf-8"?>
<Project ToolsVersion="4.0" xmlns="http://schemas.microsoft.com/developer/msbuild/2003">
  <ItemGroup>
    <Text Include="ReadMe.txt" />
  </ItemGroup>
  <ItemGroup>
    <ClInclude Include="PCEString.h" />
    <ClInclude Include="PCEUtilities.h" />
    <ClInclude Include="PCEUtilitiesSystemApi.h" />
    <ClInclude Include="PCEVector.h" />
    <ClInclude Include="PCEMap.h" />
    <ClInclude Include="PCEObjectId.h" />
    <ClInclude Include="PCEMath.h" />
    <ClInclude Include="PCEMatrix.h">
      <Filter>PCEMath</Filter>
    </ClInclude>
    <ClInclude Include="PCEVector3.h">
      <Filter>PCEMath</Filter>
    </ClInclude>
    <ClInclude Include="PCEQuaternion.h">
      <Filter>PCEMath</Filter>
    </ClInclude>
    <ClInclude Include="PCEMatrix3x3.h">
      <Filter>PCEMath</Filter>
    </ClInclude>
    <ClInclude Include="PCEPair.h" />
    <ClInclude Include="PCEUtils.h" />
  </ItemGroup>
  <ItemGroup>
    <ClCompile Include="PCEString.cpp" />
    <ClCompile Include="PCEObjectId.cpp" />
    <ClCompile Include="PCEQuaternion.cpp">
      <Filter>PCEMath</Filter>
    </ClCompile>
    <ClCompile Include="PCEMath.cpp" />
  </ItemGroup>
  <ItemGroup>
    <Filter Include="PCEMath">
      <UniqueIdentifier>{d34ea7d9-e468-4362-a410-ce2bd6ae70c3}</UniqueIdentifier>
    </Filter>
  </ItemGroup>
</Project>